// !$*UTF8*$!
{
	archiveVersion = 1;
	classes = {
	};
	objectVersion = 48;
	objects = {

/* Begin PBXBuildFile section */
		42049AE11F96F7950007CA20 /* arrow-back@2x.png in Resources */ = {isa = PBXBuildFile; fileRef = 42049ADE1F96F7950007CA20 /* arrow-back@2x.png */; };
		42049AE21F96F7950007CA20 /* swift_logo@3x.png in Resources */ = {isa = PBXBuildFile; fileRef = 42049ADF1F96F7950007CA20 /* swift_logo@3x.png */; };
		42049AE31F96F7950007CA20 /* more@2x.png in Resources */ = {isa = PBXBuildFile; fileRef = 42049AE01F96F7950007CA20 /* more@2x.png */; };
		42049AE71F971C9B0007CA20 /* MapKitViewController.swift in Sources */ = {isa = PBXBuildFile; fileRef = 42049AE61F971C9B0007CA20 /* MapKitViewController.swift */; };
		42049AEA1F971D2E0007CA20 /* note.png in Resources */ = {isa = PBXBuildFile; fileRef = 42049AE81F971D2E0007CA20 /* note.png */; };
		42049AEB1F971D2E0007CA20 /* rating5@2x.png in Resources */ = {isa = PBXBuildFile; fileRef = 42049AE91F971D2E0007CA20 /* rating5@2x.png */; };
		42049AED1F971E150007CA20 /* ImageViewController.swift in Sources */ = {isa = PBXBuildFile; fileRef = 42049AEC1F971E150007CA20 /* ImageViewController.swift */; };
		42049AEF1F971FCB0007CA20 /* ControlViewController.swift in Sources */ = {isa = PBXBuildFile; fileRef = 42049AEE1F971FCB0007CA20 /* ControlViewController.swift */; };
		42049AF11F9724CC0007CA20 /* ListViewController.swift in Sources */ = {isa = PBXBuildFile; fileRef = 42049AF01F9724CC0007CA20 /* ListViewController.swift */; };
		423D79C21F96EC420012DF36 /* AppDelegate.swift in Sources */ = {isa = PBXBuildFile; fileRef = 423D79C11F96EC420012DF36 /* AppDelegate.swift */; };
		423D79C41F96EC420012DF36 /* ViewController.swift in Sources */ = {isa = PBXBuildFile; fileRef = 423D79C31F96EC420012DF36 /* ViewController.swift */; };
		423D79C71F96EC420012DF36 /* Main.storyboard in Resources */ = {isa = PBXBuildFile; fileRef = 423D79C51F96EC420012DF36 /* Main.storyboard */; };
		423D79CA1F96EC420012DF36 /* CustomNavigationBar.xcdatamodeld in Sources */ = {isa = PBXBuildFile; fileRef = 423D79C81F96EC420012DF36 /* CustomNavigationBar.xcdatamodeld */; };
		423D79CC1F96EC420012DF36 /* Assets.xcassets in Resources */ = {isa = PBXBuildFile; fileRef = 423D79CB1F96EC420012DF36 /* Assets.xcassets */; };
		423D79CF1F96EC420012DF36 /* LaunchScreen.storyboard in Resources */ = {isa = PBXBuildFile; fileRef = 423D79CD1F96EC420012DF36 /* LaunchScreen.storyboard */; };
/* End PBXBuildFile section */

/* Begin PBXFileReference section */
		42049ADE1F96F7950007CA20 /* arrow-back@2x.png */ = {isa = PBXFileReference; lastKnownFileType = image.png; path = "arrow-back@2x.png"; sourceTree = "<group>"; };
		42049ADF1F96F7950007CA20 /* swift_logo@3x.png */ = {isa = PBXFileReference; lastKnownFileType = image.png; path = "swift_logo@3x.png"; sourceTree = "<group>"; };
		42049AE01F96F7950007CA20 /* more@2x.png */ = {isa = PBXFileReference; lastKnownFileType = image.png; path = "more@2x.png"; sourceTree = "<group>"; };
		42049AE61F971C9B0007CA20 /* MapKitViewController.swift */ = {isa = PBXFileReference; lastKnownFileType = sourcecode.swift; path = MapKitViewController.swift; sourceTree = "<group>"; };
		42049AE81F971D2E0007CA20 /* note.png */ = {isa = PBXFileReference; lastKnownFileType = image.png; path = note.png; sourceTree = "<group>"; };
		42049AE91F971D2E0007CA20 /* rating5@2x.png */ = {isa = PBXFileReference; lastKnownFileType = image.png; path = "rating5@2x.png"; sourceTree = "<group>"; };
		42049AEC1F971E150007CA20 /* ImageViewController.swift */ = {isa = PBXFileReference; lastKnownFileType = sourcecode.swift; path = ImageViewController.swift; sourceTree = "<group>"; };
		42049AEE1F971FCB0007CA20 /* ControlViewController.swift */ = {isa = PBXFileReference; lastKnownFileType = sourcecode.swift; path = ControlViewController.swift; sourceTree = "<group>"; };
		42049AF01F9724CC0007CA20 /* ListViewController.swift */ = {isa = PBXFileReference; lastKnownFileType = sourcecode.swift; path = ListViewController.swift; sourceTree = "<group>"; };
		423D79BE1F96EC420012DF36 /* CustomNavigationBar.app */ = {isa = PBXFileReference; explicitFileType = wrapper.application; includeInIndex = 0; path = CustomNavigationBar.app; sourceTree = BUILT_PRODUCTS_DIR; };
		423D79C11F96EC420012DF36 /* AppDelegate.swift */ = {isa = PBXFileReference; lastKnownFileType = sourcecode.swift; path = AppDelegate.swift; sourceTree = "<group>"; };
		423D79C31F96EC420012DF36 /* ViewController.swift */ = {isa = PBXFileReference; lastKnownFileType = sourcecode.swift; path = ViewController.swift; sourceTree = "<group>"; };
		423D79C61F96EC420012DF36 /* Base */ = {isa = PBXFileReference; lastKnownFileType = file.storyboard; name = Base; path = Base.lproj/Main.storyboard; sourceTree = "<group>"; };
		423D79C91F96EC420012DF36 /* CustomNavigationBar.xcdatamodel */ = {isa = PBXFileReference; lastKnownFileType = wrapper.xcdatamodel; path = CustomNavigationBar.xcdatamodel; sourceTree = "<group>"; };
		423D79CB1F96EC420012DF36 /* Assets.xcassets */ = {isa = PBXFileReference; lastKnownFileType = folder.assetcatalog; path = Assets.xcassets; sourceTree = "<group>"; };
		423D79CE1F96EC420012DF36 /* Base */ = {isa = PBXFileReference; lastKnownFileType = file.storyboard; name = Base; path = Base.lproj/LaunchScreen.storyboard; sourceTree = "<group>"; };
		423D79D01F96EC420012DF36 /* Info.plist */ = {isa = PBXFileReference; lastKnownFileType = text.plist.xml; path = Info.plist; sourceTree = "<group>"; };
/* End PBXFileReference section */

/* Begin PBXFrameworksBuildPhase section */
		423D79BB1F96EC420012DF36 /* Frameworks */ = {
			isa = PBXFrameworksBuildPhase;
			buildActionMask = 2147483647;
			files = (
			);
			runOnlyForDeploymentPostprocessing = 0;
		};
/* End PBXFrameworksBuildPhase section */

/* Begin PBXGroup section */
		42049ADD1F96F7730007CA20 /* Resources */ = {
			isa = PBXGroup;
			children = (
				42049AE81F971D2E0007CA20 /* note.png */,
				42049AE91F971D2E0007CA20 /* rating5@2x.png */,
				42049ADE1F96F7950007CA20 /* arrow-back@2x.png */,
				42049AE01F96F7950007CA20 /* more@2x.png */,
				42049ADF1F96F7950007CA20 /* swift_logo@3x.png */,
			);
			path = Resources;
			sourceTree = "<group>";
		};
		423D79B51F96EC420012DF36 = {
			isa = PBXGroup;
			children = (
				423D79C01F96EC420012DF36 /* CustomNavigationBar */,
				423D79BF1F96EC420012DF36 /* Products */,
			);
			sourceTree = "<group>";
		};
		423D79BF1F96EC420012DF36 /* Products */ = {
			isa = PBXGroup;
			children = (
				423D79BE1F96EC420012DF36 /* CustomNavigationBar.app */,
			);
			name = Products;
			sourceTree = "<group>";
		};
		423D79C01F96EC420012DF36 /* CustomNavigationBar */ = {
			isa = PBXGroup;
			children = (
				42049ADD1F96F7730007CA20 /* Resources */,
				423D79C11F96EC420012DF36 /* AppDelegate.swift */,
				423D79C31F96EC420012DF36 /* ViewController.swift */,
				423D79C51F96EC420012DF36 /* Main.storyboard */,
				423D79CB1F96EC420012DF36 /* Assets.xcassets */,
				423D79CD1F96EC420012DF36 /* LaunchScreen.storyboard */,
				423D79D01F96EC420012DF36 /* Info.plist */,
				423D79C81F96EC420012DF36 /* CustomNavigationBar.xcdatamodeld */,
				42049AE61F971C9B0007CA20 /* MapKitViewController.swift */,
				42049AEC1F971E150007CA20 /* ImageViewController.swift */,
				42049AEE1F971FCB0007CA20 /* ControlViewController.swift */,
				42049AF01F9724CC0007CA20 /* ListViewController.swift */,
			);
			path = CustomNavigationBar;
			sourceTree = "<group>";
		};
/* End PBXGroup section */

/* Begin PBXNativeTarget section */
		423D79BD1F96EC420012DF36 /* CustomNavigationBar */ = {
			isa = PBXNativeTarget;
			buildConfigurationList = 423D79D31F96EC420012DF36 /* Build configuration list for PBXNativeTarget "CustomNavigationBar" */;
			buildPhases = (
				423D79BA1F96EC420012DF36 /* Sources */,
				423D79BB1F96EC420012DF36 /* Frameworks */,
				423D79BC1F96EC420012DF36 /* Resources */,
			);
			buildRules = (
			);
			dependencies = (
			);
			name = CustomNavigationBar;
			productName = CustomNavigationBar;
			productReference = 423D79BE1F96EC420012DF36 /* CustomNavigationBar.app */;
			productType = "com.apple.product-type.application";
		};
/* End PBXNativeTarget section */

/* Begin PBXProject section */
		423D79B61F96EC420012DF36 /* Project object */ = {
			isa = PBXProject;
			attributes = {
				LastSwiftUpdateCheck = 0900;
				LastUpgradeCheck = 0900;
				ORGANIZATIONNAME = monk773;
				TargetAttributes = {
					423D79BD1F96EC420012DF36 = {
						CreatedOnToolsVersion = 9.0;
						ProvisioningStyle = Automatic;
					};
				};
			};
			buildConfigurationList = 423D79B91F96EC420012DF36 /* Build configuration list for PBXProject "CustomNavigationBar" */;
			compatibilityVersion = "Xcode 8.0";
			developmentRegion = en;
			hasScannedForEncodings = 0;
			knownRegions = (
				en,
				Base,
			);
			mainGroup = 423D79B51F96EC420012DF36;
			productRefGroup = 423D79BF1F96EC420012DF36 /* Products */;
			projectDirPath = "";
			projectRoot = "";
			targets = (
				423D79BD1F96EC420012DF36 /* CustomNavigationBar */,
			);
		};
/* End PBXProject section */

/* Begin PBXResourcesBuildPhase section */
		423D79BC1F96EC420012DF36 /* Resources */ = {
			isa = PBXResourcesBuildPhase;
			buildActionMask = 2147483647;
			files = (
				423D79CF1F96EC420012DF36 /* LaunchScreen.storyboard in Resources */,
				423D79CC1F96EC420012DF36 /* Assets.xcassets in Resources */,
				423D79C71F96EC420012DF36 /* Main.storyboard in Resources */,
				42049AE31F96F7950007CA20 /* more@2x.png in Resources */,
				42049AE21F96F7950007CA20 /* swift_logo@3x.png in Resources */,
				42049AEB1F971D2E0007CA20 /* rating5@2x.png in Resources */,
				42049AE11F96F7950007CA20 /* arrow-back@2x.png in Resources */,
				42049AEA1F971D2E0007CA20 /* note.png in Resources */,
			);
			runOnlyForDeploymentPostprocessing = 0;
		};
/* End PBXResourcesBuildPhase section */

/* Begin PBXSourcesBuildPhase section */
		423D79BA1F96EC420012DF36 /* Sources */ = {
			isa = PBXSourcesBuildPhase;
			buildActionMask = 2147483647;
			files = (
				42049AE71F971C9B0007CA20 /* MapKitViewController.swift in Sources */,
				423D79CA1F96EC420012DF36 /* CustomNavigationBar.xcdatamodeld in Sources */,
				42049AED1F971E150007CA20 /* ImageViewController.swift in Sources */,
				423D79C41F96EC420012DF36 /* ViewController.swift in Sources */,
				42049AEF1F971FCB0007CA20 /* ControlViewController.swift in Sources */,
				423D79C21F96EC420012DF36 /* AppDelegate.swift in Sources */,
				42049AF11F9724CC0007CA20 /* ListViewController.swift in Sources */,
			);
			runOnlyForDeploymentPostprocessing = 0;
		};
/* End PBXSourcesBuildPhase section */

/* Begin PBXVariantGroup section */
		423D79C51F96EC420012DF36 /* Main.storyboard */ = {
			isa = PBXVariantGroup;
			children = (
				423D79C61F96EC420012DF36 /* Base */,
			);
			name = Main.storyboard;
			sourceTree = "<group>";
		};
		423D79CD1F96EC420012DF36 /* LaunchScreen.storyboard */ = {
			isa = PBXVariantGroup;
			children = (
				423D79CE1F96EC420012DF36 /* Base */,
			);
			name = LaunchScreen.storyboard;
			sourceTree = "<group>";
		};
/* End PBXVariantGroup section */

/* Begin XCBuildConfiguration section */
		423D79D11F96EC420012DF36 /* Debug */ = {
			isa = XCBuildConfiguration;
			buildSettings = {
				ALWAYS_SEARCH_USER_PATHS = NO;
				CLANG_ANALYZER_NONNULL = YES;
				CLANG_ANALYZER_NUMBER_OBJECT_CONVERSION = YES_AGGRESSIVE;
				CLANG_CXX_LANGUAGE_STANDARD = "gnu++14";
				CLANG_CXX_LIBRARY = "libc++";
				CLANG_ENABLE_MODULES = YES;
				CLANG_ENABLE_OBJC_ARC = YES;
				CLANG_WARN_BLOCK_CAPTURE_AUTORELEASING = YES;
				CLANG_WARN_BOOL_CONVERSION = YES;
				CLANG_WARN_COMMA = YES;
				CLANG_WARN_CONSTANT_CONVERSION = YES;
				CLANG_WARN_DIRECT_OBJC_ISA_USAGE = YES_ERROR;
				CLANG_WARN_DOCUMENTATION_COMMENTS = YES;
				CLANG_WARN_EMPTY_BODY = YES;
				CLANG_WARN_ENUM_CONVERSION = YES;
				CLANG_WARN_INFINITE_RECURSION = YES;
				CLANG_WARN_INT_CONVERSION = YES;
				CLANG_WARN_NON_LITERAL_NULL_CONVERSION = YES;
				CLANG_WARN_OBJC_LITERAL_CONVERSION = YES;
				CLANG_WARN_OBJC_ROOT_CLASS = YES_ERROR;
				CLANG_WARN_RANGE_LOOP_ANALYSIS = YES;
				CLANG_WARN_STRICT_PROTOTYPES = YES;
				CLANG_WARN_SUSPICIOUS_MOVE = YES;
				CLANG_WARN_UNGUARDED_AVAILABILITY = YES_AGGRESSIVE;
				CLANG_WARN_UNREACHABLE_CODE = YES;
				CLANG_WARN__DUPLICATE_METHOD_MATCH = YES;
				CODE_SIGN_IDENTITY = "iPhone Developer";
				COPY_PHASE_STRIP = NO;
				DEBUG_INFORMATION_FORMAT = dwarf;
				ENABLE_STRICT_OBJC_MSGSEND = YES;
				ENABLE_TESTABILITY = YES;
				GCC_C_LANGUAGE_STANDARD = gnu11;
				GCC_DYNAMIC_NO_PIC = NO;
				GCC_NO_COMMON_BLOCKS = YES;
				GCC_OPTIMIZATION_LEVEL = 0;
				GCC_PREPROCESSOR_DEFINITIONS = (
					"DEBUG=1",
					"$(inherited)",
				);
				GCC_WARN_64_TO_32_BIT_CONVERSION = YES;
				GCC_WARN_ABOUT_RETURN_TYPE = YES_ERROR;
				GCC_WARN_UNDECLARED_SELECTOR = YES;
				GCC_WARN_UNINITIALIZED_AUTOS = YES_AGGRESSIVE;
				GCC_WARN_UNUSED_FUNCTION = YES;
				GCC_WARN_UNUSED_VARIABLE = YES;
				IPHONEOS_DEPLOYMENT_TARGET = 11.0;
				MTL_ENABLE_DEBUG_INFO = YES;
				ONLY_ACTIVE_ARCH = YES;
				SDKROOT = iphoneos;
				SWIFT_ACTIVE_COMPILATION_CONDITIONS = DEBUG;
				SWIFT_OPTIMIZATION_LEVEL = "-Onone";
			};
			name = Debug;
		};
		423D79D21F96EC420012DF36 /* Release */ = {
			isa = XCBuildConfiguration;
			buildSettings = {
				ALWAYS_SEARCH_USER_PATHS = NO;
				CLANG_ANALYZER_NONNULL = YES;
				CLANG_ANALYZER_NUMBER_OBJECT_CONVERSION = YES_AGGRESSIVE;
				CLANG_CXX_LANGUAGE_STANDARD = "gnu++14";
				CLANG_CXX_LIBRARY = "libc++";
				CLANG_ENABLE_MODULES = YES;
				CLANG_ENABLE_OBJC_ARC = YES;
				CLANG_WARN_BLOCK_CAPTURE_AUTORELEASING = YES;
				CLANG_WARN_BOOL_CONVERSION = YES;
				CLANG_WARN_COMMA = YES;
				CLANG_WARN_CONSTANT_CONVERSION = YES;
				CLANG_WARN_DIRECT_OBJC_ISA_USAGE = YES_ERROR;
				CLANG_WARN_DOCUMENTATION_COMMENTS = YES;
				CLANG_WARN_EMPTY_BODY = YES;
				CLANG_WARN_ENUM_CONVERSION = YES;
				CLANG_WARN_INFINITE_RECURSION = YES;
				CLANG_WARN_INT_CONVERSION = YES;
				CLANG_WARN_NON_LITERAL_NULL_CONVERSION = YES;
				CLANG_WARN_OBJC_LITERAL_CONVERSION = YES;
				CLANG_WARN_OBJC_ROOT_CLASS = YES_ERROR;
				CLANG_WARN_RANGE_LOOP_ANALYSIS = YES;
				CLANG_WARN_STRICT_PROTOTYPES = YES;
				CLANG_WARN_SUSPICIOUS_MOVE = YES;
				CLANG_WARN_UNGUARDED_AVAILABILITY = YES_AGGRESSIVE;
				CLANG_WARN_UNREACHABLE_CODE = YES;
				CLANG_WARN__DUPLICATE_METHOD_MATCH = YES;
				CODE_SIGN_IDENTITY = "iPhone Developer";
				COPY_PHASE_STRIP = NO;
				DEBUG_INFORMATION_FORMAT = "dwarf-with-dsym";
				ENABLE_NS_ASSERTIONS = NO;
				ENABLE_STRICT_OBJC_MSGSEND = YES;
				GCC_C_LANGUAGE_STANDARD = gnu11;
				GCC_NO_COMMON_BLOCKS = YES;
				GCC_WARN_64_TO_32_BIT_CONVERSION = YES;
				GCC_WARN_ABOUT_RETURN_TYPE = YES_ERROR;
				GCC_WARN_UNDECLARED_SELECTOR = YES;
				GCC_WARN_UNINITIALIZED_AUTOS = YES_AGGRESSIVE;
				GCC_WARN_UNUSED_FUNCTION = YES;
				GCC_WARN_UNUSED_VARIABLE = YES;
				IPHONEOS_DEPLOYMENT_TARGET = 11.0;
				MTL_ENABLE_DEBUG_INFO = NO;
				SDKROOT = iphoneos;
				SWIFT_OPTIMIZATION_LEVEL = "-Owholemodule";
				VALIDATE_PRODUCT = YES;
			};
			name = Release;
		};
		423D79D41F96EC420012DF36 /* Debug */ = {
			isa = XCBuildConfiguration;
			buildSettings = {
				ASSETCATALOG_COMPILER_APPICON_NAME = AppIcon;
				CODE_SIGN_STYLE = Automatic;
				DEVELOPMENT_TEAM = B68R597UJX;
				INFOPLIST_FILE = CustomNavigationBar/Info.plist;
				LD_RUNPATH_SEARCH_PATHS = "$(inherited) @executable_path/Frameworks";
				PRODUCT_BUNDLE_IDENTIFIER = com.monk773.CustomNavigationBar;
				PRODUCT_NAME = "$(TARGET_NAME)";
				SWIFT_VERSION = 4.0;
				TARGETED_DEVICE_FAMILY = "1,2";
			};
			name = Debug;
		};
		423D79D51F96EC420012DF36 /* Release */ = {
			isa = XCBuildConfiguration;
			buildSettings = {
				ASSETCATALOG_COMPILER_APPICON_NAME = AppIcon;
				CODE_SIGN_STYLE = Automatic;
				DEVELOPMENT_TEAM = B68R597UJX;
				INFOPLIST_FILE = CustomNavigationBar/Info.plist;
				LD_RUNPATH_SEARCH_PATHS = "$(inherited) @executable_path/Frameworks";
				PRODUCT_BUNDLE_IDENTIFIER = com.monk773.CustomNavigationBar;
				PRODUCT_NAME = "$(TARGET_NAME)";
				SWIFT_VERSION = 4.0;
				TARGETED_DEVICE_FAMILY = "1,2";
			};
			name = Release;
		};
/* End XCBuildConfiguration section */

/* Begin XCConfigurationList section */
		423D79B91F96EC420012DF36 /* Build configuration list for PBXProject "CustomNavigationBar" */ = {
			isa = XCConfigurationList;
			buildConfigurations = (
				423D79D11F96EC420012DF36 /* Debug */,
				423D79D21F96EC420012DF36 /* Release */,
			);
			defaultConfigurationIsVisible = 0;
			defaultConfigurationName = Release;
		};
		423D79D31F96EC420012DF36 /* Build configuration list for PBXNativeTarget "CustomNavigationBar" */ = {
			isa = XCConfigurationList;
			buildConfigurations = (
				423D79D41F96EC420012DF36 /* Debug */,
				423D79D51F96EC420012DF36 /* Release */,
			);
			defaultConfigurationIsVisible = 0;
			defaultConfigurationName = Release;
		};
/* End XCConfigurationList section */

/* Begin XCVersionGroup section */
		423D79C81F96EC420012DF36 /* CustomNavigationBar.xcdatamodeld */ = {
			isa = XCVersionGroup;
			children = (
				423D79C91F96EC420012DF36 /* CustomNavigationBar.xcdatamodel */,
			);
			currentVersion = 423D79C91F96EC420012DF36 /* CustomNavigationBar.xcdatamodel */;
			path = CustomNavigationBar.xcdatamodeld;
			sourceTree = "<group>";
			versionGroupType = wrapper.xcdatamodel;
		};
/* End XCVersionGroup section */
	};
	rootObject = 423D79B61F96EC420012DF36 /* Project object */;
}
